
Microsoft Visual Studio Solution File, Format Version 12.00
# Visual Studio Version 17
VisualStudioVersion = 17.6.33829.357
MinimumVisualStudioVersion = 10.0.40219.1
Project("{9A19103F-16F7-4668-BE54-9A1E7A4F7556}") = "Cinema.Application", "Cinema.Application\Cinema.Application.csproj", "{046B6613-F525-4F9C-B6F6-CF524936A3A5}"
EndProject
Project("{9A19103F-16F7-4668-BE54-9A1E7A4F7556}") = "Cinema.Domain", "Cinema.Domain\Cinema.Domain.csproj", "{8FE24B36-EDB0-460C-A839-00C70A53C611}"
EndProject
Project("{9A19103F-16F7-4668-BE54-9A1E7A4F7556}") = "Cinema.Infrastructure", "Cinema.Infrastructure\Cinema.Infrastructure.csproj", "{468CD821-B745-4D4C-BCBA-F8F49E79D90F}"
EndProject
Project("{FAE04EC0-301F-11D3-BF4B-00C04F79EFBC}") = "Cinema.Mvc", "Cinema.Mvc\Cinema.Mvc.csproj", "{B1283D9D-0BB2-445F-9F40-874DD805873D}"
EndProject
Global
	GlobalSection(SolutionConfigurationPlatforms) = preSolution
		Debug|Any CPU = Debug|Any CPU
		Release|Any CPU = Release|Any CPU
	EndGlobalSection
	GlobalSection(ProjectConfigurationPlatforms) = postSolution
		{046B6613-F525-4F9C-B6F6-CF524936A3A5}.Debug|Any CPU.ActiveCfg = Debug|Any CPU
		{046B6613-F525-4F9C-B6F6-CF524936A3A5}.Debug|Any CPU.Build.0 = Debug|Any CPU
		{046B6613-F525-4F9C-B6F6-CF524936A3A5}.Release|Any CPU.ActiveCfg = Release|Any CPU
		{046B6613-F525-4F9C-B6F6-CF524936A3A5}.Release|Any CPU.Build.0 = Release|Any CPU
		{8FE24B36-EDB0-460C-A839-00C70A53C611}.Debug|Any CPU.ActiveCfg = Debug|Any CPU
		{8FE24B36-EDB0-460C-A839-00C70A53C611}.Debug|Any CPU.Build.0 = Debug|Any CPU
		{8FE24B36-EDB0-460C-A839-00C70A53C611}.Release|Any CPU.ActiveCfg = Release|Any CPU
		{8FE24B36-EDB0-460C-A839-00C70A53C611}.Release|Any CPU.Build.0 = Release|Any CPU
		{468CD821-B745-4D4C-BCBA-F8F49E79D90F}.Debug|Any CPU.ActiveCfg = Debug|Any CPU
		{468CD821-B745-4D4C-BCBA-F8F49E79D90F}.Debug|Any CPU.Build.0 = Debug|Any CPU
		{468CD821-B745-4D4C-BCBA-F8F49E79D90F}.Release|Any CPU.ActiveCfg = Release|Any CPU
		{468CD821-B745-4D4C-BCBA-F8F49E79D90F}.Release|Any CPU.Build.0 = Release|Any CPU
		{B1283D9D-0BB2-445F-9F40-874DD805873D}.Debug|Any CPU.ActiveCfg = Debug|Any CPU
		{B1283D9D-0BB2-445F-9F40-874DD805873D}.Debug|Any CPU.Build.0 = Debug|Any CPU
		{B1283D9D-0BB2-445F-9F40-874DD805873D}.Release|Any CPU.ActiveCfg = Release|Any CPU
		{B1283D9D-0BB2-445F-9F40-874DD805873D}.Release|Any CPU.Build.0 = Release|Any CPU
	EndGlobalSection
	GlobalSection(SolutionProperties) = preSolution
		HideSolutionNode = FALSE
	EndGlobalSection
	GlobalSection(ExtensibilityGlobals) = postSolution
		SolutionGuid = {DCC06B83-77B1-48C2-9823-7B185FB93866}
	EndGlobalSection
EndGlobal
